
Microsoft Visual Studio Solution File, Format Version 12.00
# Visual Studio Version 17
VisualStudioVersion = 17.3.32825.248
MinimumVisualStudioVersion = 10.0.40219.1
Project("{2150E333-8FDC-42A3-9474-1A3956D46DE8}") = "01 - Testes de Unidade", "01 - Testes de Unidade", "{DB086A73-C00D-4DA9-A969-B0204B5F4D47}"
EndProject
Project("{2150E333-8FDC-42A3-9474-1A3956D46DE8}") = "1.1 - Testes Basicos", "1.1 - Testes Basicos", "{7D1C31E7-4520-4C0C-BE6B-EE562DEF794E}"
EndProject
Project("{9A19103F-16F7-4668-BE54-9A1E7A4F7556}") = "Demo", "01 - Testes de Unidade\Demo\Demo.csproj", "{8CB92571-FA5B-4C06-9253-82BE6BB2A655}"
EndProject
Project("{9A19103F-16F7-4668-BE54-9A1E7A4F7556}") = "Demo.Tests", "01 - Testes de Unidade\Demo.Tests\Demo.Tests.csproj", "{4676FA07-A147-4CEE-B12E-5F1D4C225DF5}"
EndProject
Project("{2150E333-8FDC-42A3-9474-1A3956D46DE8}") = "2.2 - Features", "2.2 - Features", "{17549EDB-CB7C-4773-8A7E-F3F860ECDDFE}"
EndProject
Project("{9A19103F-16F7-4668-BE54-9A1E7A4F7556}") = "Features", "01 - Testes de Unidade\Features\Features.csproj", "{039EEDFC-5A1F-4065-A197-BB077415BB38}"
EndProject
Project("{9A19103F-16F7-4668-BE54-9A1E7A4F7556}") = "Features.Tests", "01 - Testes de Unidade\Features.Tests\Features.Tests.csproj", "{076C509B-65C8-464D-83A8-BCA5B15DB9BF}"
EndProject
Project("{2150E333-8FDC-42A3-9474-1A3956D46DE8}") = "02 - TDD", "02 - TDD", "{4BFEE2DB-3741-4B31-A2F0-B93E73A09E5A}"
EndProject
Project("{2150E333-8FDC-42A3-9474-1A3956D46DE8}") = "Tests", "Tests", "{81114A22-E381-4D6B-885E-0D4FE7B02A4D}"
EndProject
Project("{9A19103F-16F7-4668-BE54-9A1E7A4F7556}") = "NerdStore.Vendas.Application.Tests", "02 - TDD\tests\NerdStore.Vendas.Application.Tests\NerdStore.Vendas.Application.Tests.csproj", "{A190615C-F856-4845-9A0A-FBFCC2DB7924}"
EndProject
Project("{9A19103F-16F7-4668-BE54-9A1E7A4F7556}") = "NerdStore.Vendas.Domain.Tests", "02 - TDD\tests\NerdStore.Vendas.Domain.Tests\NerdStore.Vendas.Domain.Tests.csproj", "{3373B1FE-D4E7-416E-A1B3-B2CD0EBA9586}"
EndProject
Project("{9A19103F-16F7-4668-BE54-9A1E7A4F7556}") = "NerdStore.Vendas.Domain", "02 - TDD\src\NerdStore.Vendas.Domain\NerdStore.Vendas.Domain.csproj", "{2ADE3F4E-2B26-415F-93AC-7BD9C4116924}"
EndProject
Project("{9A19103F-16F7-4668-BE54-9A1E7A4F7556}") = "NerdStore.Core", "02 - TDD\src\NerdStore.Core\NerdStore.Core.csproj", "{196E77BC-983E-45A0-8312-5F31EF98D2F9}"
EndProject
Project("{9A19103F-16F7-4668-BE54-9A1E7A4F7556}") = "NerdStore.Vendas.Application", "02 - TDD\src\NerdStore.Vendas.Application\NerdStore.Vendas.Application.csproj", "{FA088041-ADA4-48D5-815B-C2B7C77557BB}"
EndProject
Project("{9A19103F-16F7-4668-BE54-9A1E7A4F7556}") = "NerdStore.Vendas.Data", "02 - TDD\src\NerdStore.Vendas.Data\NerdStore.Vendas.Data.csproj", "{5E65B01D-01B0-407E-8715-CFDB5020024B}"
EndProject
Project("{2150E333-8FDC-42A3-9474-1A3956D46DE8}") = "03 - Testes de Integração", "03 - Testes de Integração", "{C00BBD75-DC71-41D8-BF0E-DFE1E6790967}"
EndProject
Project("{9A19103F-16F7-4668-BE54-9A1E7A4F7556}") = "NerdStore.Catalogo.Application", "03 - Teste de Software\src\NerdStore.Catalogo.Application\NerdStore.Catalogo.Application.csproj", "{EFCCD611-ACE3-4921-ACAA-E31014BCD63C}"
EndProject
Project("{9A19103F-16F7-4668-BE54-9A1E7A4F7556}") = "NerdStore.Catalogo.Data", "03 - Teste de Software\src\NerdStore.Catalogo.Data\NerdStore.Catalogo.Data.csproj", "{02BED3C9-F4DB-460A-980C-1AE77E17EE4F}"
EndProject
Project("{9A19103F-16F7-4668-BE54-9A1E7A4F7556}") = "NerdStore.Catalogo.Domain", "03 - Teste de Software\src\NerdStore.Catalogo.Domain\NerdStore.Catalogo.Domain.csproj", "{038FF2AD-5765-49D7-B5B8-3FA94BB29E35}"
EndProject
Project("{9A19103F-16F7-4668-BE54-9A1E7A4F7556}") = "NerdStore.WebApp.MVC", "03 - Teste de Software\src\NerdStore.WebApp.MVC\NerdStore.WebApp.MVC.csproj", "{BE4642C3-45FD-49ED-9C9C-49685975EE0F}"
EndProject
Project("{2150E333-8FDC-42A3-9474-1A3956D46DE8}") = "Integration Tests", "Integration Tests", "{D26A1D45-5D49-41B2-AEAB-2FE387EAC310}"
EndProject
Project("{9A19103F-16F7-4668-BE54-9A1E7A4F7556}") = "NerdStore.WebApp.Tests", "03 - Teste de Software\tests\NerdStore.WebApp.Tests\NerdStore.WebApp.Tests.csproj", "{EC22CDE8-C748-49B9-A190-B9F1342F9F1A}"
EndProject
Project("{2150E333-8FDC-42A3-9474-1A3956D46DE8}") = "Vendas", "Vendas", "{16258E40-5B84-4263-BE1F-43012CFE320D}"
EndProject
Project("{9A19103F-16F7-4668-BE54-9A1E7A4F7556}") = "NerdStore.Core", "03 - Teste de Software\src\Vendas\NerdStore.Core\NerdStore.Core.csproj", "{1E20BD68-BD0A-4E73-AD9E-222262713B1B}"
EndProject
Project("{9A19103F-16F7-4668-BE54-9A1E7A4F7556}") = "NerdStore.Vendas.Application", "03 - Teste de Software\src\Vendas\NerdStore.Vendas.Application\NerdStore.Vendas.Application.csproj", "{FEBE2BAB-2D31-4C32-8017-375F0E97DD9E}"
EndProject
Project("{9A19103F-16F7-4668-BE54-9A1E7A4F7556}") = "NerdStore.Vendas.Data", "03 - Teste de Software\src\Vendas\NerdStore.Vendas.Data\NerdStore.Vendas.Data.csproj", "{D3D74B30-499B-4107-9EAC-EBC95D631330}"
EndProject
Project("{9A19103F-16F7-4668-BE54-9A1E7A4F7556}") = "NerdStore.Vendas.Domain", "03 - Teste de Software\src\Vendas\NerdStore.Vendas.Domain\NerdStore.Vendas.Domain.csproj", "{3677A596-A9CA-4C50-AE7A-56E313B10FAF}"
EndProject
Global
	GlobalSection(SolutionConfigurationPlatforms) = preSolution
		Debug|Any CPU = Debug|Any CPU
		Release|Any CPU = Release|Any CPU
	EndGlobalSection
	GlobalSection(ProjectConfigurationPlatforms) = postSolution
		{8CB92571-FA5B-4C06-9253-82BE6BB2A655}.Debug|Any CPU.ActiveCfg = Debug|Any CPU
		{8CB92571-FA5B-4C06-9253-82BE6BB2A655}.Debug|Any CPU.Build.0 = Debug|Any CPU
		{8CB92571-FA5B-4C06-9253-82BE6BB2A655}.Release|Any CPU.ActiveCfg = Release|Any CPU
		{8CB92571-FA5B-4C06-9253-82BE6BB2A655}.Release|Any CPU.Build.0 = Release|Any CPU
		{4676FA07-A147-4CEE-B12E-5F1D4C225DF5}.Debug|Any CPU.ActiveCfg = Debug|Any CPU
		{4676FA07-A147-4CEE-B12E-5F1D4C225DF5}.Debug|Any CPU.Build.0 = Debug|Any CPU
		{4676FA07-A147-4CEE-B12E-5F1D4C225DF5}.Release|Any CPU.ActiveCfg = Release|Any CPU
		{4676FA07-A147-4CEE-B12E-5F1D4C225DF5}.Release|Any CPU.Build.0 = Release|Any CPU
		{039EEDFC-5A1F-4065-A197-BB077415BB38}.Debug|Any CPU.ActiveCfg = Debug|Any CPU
		{039EEDFC-5A1F-4065-A197-BB077415BB38}.Debug|Any CPU.Build.0 = Debug|Any CPU
		{039EEDFC-5A1F-4065-A197-BB077415BB38}.Release|Any CPU.ActiveCfg = Release|Any CPU
		{039EEDFC-5A1F-4065-A197-BB077415BB38}.Release|Any CPU.Build.0 = Release|Any CPU
		{076C509B-65C8-464D-83A8-BCA5B15DB9BF}.Debug|Any CPU.ActiveCfg = Debug|Any CPU
		{076C509B-65C8-464D-83A8-BCA5B15DB9BF}.Debug|Any CPU.Build.0 = Debug|Any CPU
		{076C509B-65C8-464D-83A8-BCA5B15DB9BF}.Release|Any CPU.ActiveCfg = Release|Any CPU
		{076C509B-65C8-464D-83A8-BCA5B15DB9BF}.Release|Any CPU.Build.0 = Release|Any CPU
		{A190615C-F856-4845-9A0A-FBFCC2DB7924}.Debug|Any CPU.ActiveCfg = Debug|Any CPU
		{A190615C-F856-4845-9A0A-FBFCC2DB7924}.Debug|Any CPU.Build.0 = Debug|Any CPU
		{A190615C-F856-4845-9A0A-FBFCC2DB7924}.Release|Any CPU.ActiveCfg = Release|Any CPU
		{A190615C-F856-4845-9A0A-FBFCC2DB7924}.Release|Any CPU.Build.0 = Release|Any CPU
		{3373B1FE-D4E7-416E-A1B3-B2CD0EBA9586}.Debug|Any CPU.ActiveCfg = Debug|Any CPU
		{3373B1FE-D4E7-416E-A1B3-B2CD0EBA9586}.Debug|Any CPU.Build.0 = Debug|Any CPU
		{3373B1FE-D4E7-416E-A1B3-B2CD0EBA9586}.Release|Any CPU.ActiveCfg = Release|Any CPU
		{3373B1FE-D4E7-416E-A1B3-B2CD0EBA9586}.Release|Any CPU.Build.0 = Release|Any CPU
		{2ADE3F4E-2B26-415F-93AC-7BD9C4116924}.Debug|Any CPU.ActiveCfg = Debug|Any CPU
		{2ADE3F4E-2B26-415F-93AC-7BD9C4116924}.Debug|Any CPU.Build.0 = Debug|Any CPU
		{2ADE3F4E-2B26-415F-93AC-7BD9C4116924}.Release|Any CPU.ActiveCfg = Release|Any CPU
		{2ADE3F4E-2B26-415F-93AC-7BD9C4116924}.Release|Any CPU.Build.0 = Release|Any CPU
		{196E77BC-983E-45A0-8312-5F31EF98D2F9}.Debug|Any CPU.ActiveCfg = Debug|Any CPU
		{196E77BC-983E-45A0-8312-5F31EF98D2F9}.Debug|Any CPU.Build.0 = Debug|Any CPU
		{196E77BC-983E-45A0-8312-5F31EF98D2F9}.Release|Any CPU.ActiveCfg = Release|Any CPU
		{196E77BC-983E-45A0-8312-5F31EF98D2F9}.Release|Any CPU.Build.0 = Release|Any CPU
		{FA088041-ADA4-48D5-815B-C2B7C77557BB}.Debug|Any CPU.ActiveCfg = Debug|Any CPU
		{FA088041-ADA4-48D5-815B-C2B7C77557BB}.Debug|Any CPU.Build.0 = Debug|Any CPU
		{FA088041-ADA4-48D5-815B-C2B7C77557BB}.Release|Any CPU.ActiveCfg = Release|Any CPU
		{FA088041-ADA4-48D5-815B-C2B7C77557BB}.Release|Any CPU.Build.0 = Release|Any CPU
		{5E65B01D-01B0-407E-8715-CFDB5020024B}.Debug|Any CPU.ActiveCfg = Debug|Any CPU
		{5E65B01D-01B0-407E-8715-CFDB5020024B}.Debug|Any CPU.Build.0 = Debug|Any CPU
		{5E65B01D-01B0-407E-8715-CFDB5020024B}.Release|Any CPU.ActiveCfg = Release|Any CPU
		{5E65B01D-01B0-407E-8715-CFDB5020024B}.Release|Any CPU.Build.0 = Release|Any CPU
		{EFCCD611-ACE3-4921-ACAA-E31014BCD63C}.Debug|Any CPU.ActiveCfg = Debug|Any CPU
		{EFCCD611-ACE3-4921-ACAA-E31014BCD63C}.Debug|Any CPU.Build.0 = Debug|Any CPU
		{EFCCD611-ACE3-4921-ACAA-E31014BCD63C}.Release|Any CPU.ActiveCfg = Release|Any CPU
		{EFCCD611-ACE3-4921-ACAA-E31014BCD63C}.Release|Any CPU.Build.0 = Release|Any CPU
		{02BED3C9-F4DB-460A-980C-1AE77E17EE4F}.Debug|Any CPU.ActiveCfg = Debug|Any CPU
		{02BED3C9-F4DB-460A-980C-1AE77E17EE4F}.Debug|Any CPU.Build.0 = Debug|Any CPU
		{02BED3C9-F4DB-460A-980C-1AE77E17EE4F}.Release|Any CPU.ActiveCfg = Release|Any CPU
		{02BED3C9-F4DB-460A-980C-1AE77E17EE4F}.Release|Any CPU.Build.0 = Release|Any CPU
		{038FF2AD-5765-49D7-B5B8-3FA94BB29E35}.Debug|Any CPU.ActiveCfg = Debug|Any CPU
		{038FF2AD-5765-49D7-B5B8-3FA94BB29E35}.Debug|Any CPU.Build.0 = Debug|Any CPU
		{038FF2AD-5765-49D7-B5B8-3FA94BB29E35}.Release|Any CPU.ActiveCfg = Release|Any CPU
		{038FF2AD-5765-49D7-B5B8-3FA94BB29E35}.Release|Any CPU.Build.0 = Release|Any CPU
		{BE4642C3-45FD-49ED-9C9C-49685975EE0F}.Debug|Any CPU.ActiveCfg = Debug|Any CPU
		{BE4642C3-45FD-49ED-9C9C-49685975EE0F}.Debug|Any CPU.Build.0 = Debug|Any CPU
		{BE4642C3-45FD-49ED-9C9C-49685975EE0F}.Release|Any CPU.ActiveCfg = Release|Any CPU
		{BE4642C3-45FD-49ED-9C9C-49685975EE0F}.Release|Any CPU.Build.0 = Release|Any CPU
		{EC22CDE8-C748-49B9-A190-B9F1342F9F1A}.Debug|Any CPU.ActiveCfg = Debug|Any CPU
		{EC22CDE8-C748-49B9-A190-B9F1342F9F1A}.Debug|Any CPU.Build.0 = Debug|Any CPU
		{EC22CDE8-C748-49B9-A190-B9F1342F9F1A}.Release|Any CPU.ActiveCfg = Release|Any CPU
		{EC22CDE8-C748-49B9-A190-B9F1342F9F1A}.Release|Any CPU.Build.0 = Release|Any CPU
		{1E20BD68-BD0A-4E73-AD9E-222262713B1B}.Debug|Any CPU.ActiveCfg = Debug|Any CPU
		{1E20BD68-BD0A-4E73-AD9E-222262713B1B}.Debug|Any CPU.Build.0 = Debug|Any CPU
		{1E20BD68-BD0A-4E73-AD9E-222262713B1B}.Release|Any CPU.ActiveCfg = Release|Any CPU
		{1E20BD68-BD0A-4E73-AD9E-222262713B1B}.Release|Any CPU.Build.0 = Release|Any CPU
		{FEBE2BAB-2D31-4C32-8017-375F0E97DD9E}.Debug|Any CPU.ActiveCfg = Debug|Any CPU
		{FEBE2BAB-2D31-4C32-8017-375F0E97DD9E}.Debug|Any CPU.Build.0 = Debug|Any CPU
		{FEBE2BAB-2D31-4C32-8017-375F0E97DD9E}.Release|Any CPU.ActiveCfg = Release|Any CPU
		{FEBE2BAB-2D31-4C32-8017-375F0E97DD9E}.Release|Any CPU.Build.0 = Release|Any CPU
		{D3D74B30-499B-4107-9EAC-EBC95D631330}.Debug|Any CPU.ActiveCfg = Debug|Any CPU
		{D3D74B30-499B-4107-9EAC-EBC95D631330}.Debug|Any CPU.Build.0 = Debug|Any CPU
		{D3D74B30-499B-4107-9EAC-EBC95D631330}.Release|Any CPU.ActiveCfg = Release|Any CPU
		{D3D74B30-499B-4107-9EAC-EBC95D631330}.Release|Any CPU.Build.0 = Release|Any CPU
		{3677A596-A9CA-4C50-AE7A-56E313B10FAF}.Debug|Any CPU.ActiveCfg = Debug|Any CPU
		{3677A596-A9CA-4C50-AE7A-56E313B10FAF}.Debug|Any CPU.Build.0 = Debug|Any CPU
		{3677A596-A9CA-4C50-AE7A-56E313B10FAF}.Release|Any CPU.ActiveCfg = Release|Any CPU
		{3677A596-A9CA-4C50-AE7A-56E313B10FAF}.Release|Any CPU.Build.0 = Release|Any CPU
	EndGlobalSection
	GlobalSection(SolutionProperties) = preSolution
		HideSolutionNode = FALSE
	EndGlobalSection
	GlobalSection(NestedProjects) = preSolution
		{7D1C31E7-4520-4C0C-BE6B-EE562DEF794E} = {DB086A73-C00D-4DA9-A969-B0204B5F4D47}
		{8CB92571-FA5B-4C06-9253-82BE6BB2A655} = {7D1C31E7-4520-4C0C-BE6B-EE562DEF794E}
		{4676FA07-A147-4CEE-B12E-5F1D4C225DF5} = {7D1C31E7-4520-4C0C-BE6B-EE562DEF794E}
		{17549EDB-CB7C-4773-8A7E-F3F860ECDDFE} = {DB086A73-C00D-4DA9-A969-B0204B5F4D47}
		{039EEDFC-5A1F-4065-A197-BB077415BB38} = {17549EDB-CB7C-4773-8A7E-F3F860ECDDFE}
		{076C509B-65C8-464D-83A8-BCA5B15DB9BF} = {17549EDB-CB7C-4773-8A7E-F3F860ECDDFE}
		{81114A22-E381-4D6B-885E-0D4FE7B02A4D} = {4BFEE2DB-3741-4B31-A2F0-B93E73A09E5A}
		{A190615C-F856-4845-9A0A-FBFCC2DB7924} = {81114A22-E381-4D6B-885E-0D4FE7B02A4D}
		{3373B1FE-D4E7-416E-A1B3-B2CD0EBA9586} = {81114A22-E381-4D6B-885E-0D4FE7B02A4D}
		{2ADE3F4E-2B26-415F-93AC-7BD9C4116924} = {4BFEE2DB-3741-4B31-A2F0-B93E73A09E5A}
		{196E77BC-983E-45A0-8312-5F31EF98D2F9} = {4BFEE2DB-3741-4B31-A2F0-B93E73A09E5A}
		{FA088041-ADA4-48D5-815B-C2B7C77557BB} = {4BFEE2DB-3741-4B31-A2F0-B93E73A09E5A}
		{5E65B01D-01B0-407E-8715-CFDB5020024B} = {4BFEE2DB-3741-4B31-A2F0-B93E73A09E5A}
		{EFCCD611-ACE3-4921-ACAA-E31014BCD63C} = {C00BBD75-DC71-41D8-BF0E-DFE1E6790967}
		{02BED3C9-F4DB-460A-980C-1AE77E17EE4F} = {C00BBD75-DC71-41D8-BF0E-DFE1E6790967}
		{038FF2AD-5765-49D7-B5B8-3FA94BB29E35} = {C00BBD75-DC71-41D8-BF0E-DFE1E6790967}
		{BE4642C3-45FD-49ED-9C9C-49685975EE0F} = {C00BBD75-DC71-41D8-BF0E-DFE1E6790967}
		{D26A1D45-5D49-41B2-AEAB-2FE387EAC310} = {C00BBD75-DC71-41D8-BF0E-DFE1E6790967}
		{EC22CDE8-C748-49B9-A190-B9F1342F9F1A} = {D26A1D45-5D49-41B2-AEAB-2FE387EAC310}
		{16258E40-5B84-4263-BE1F-43012CFE320D} = {C00BBD75-DC71-41D8-BF0E-DFE1E6790967}
		{1E20BD68-BD0A-4E73-AD9E-222262713B1B} = {16258E40-5B84-4263-BE1F-43012CFE320D}
		{FEBE2BAB-2D31-4C32-8017-375F0E97DD9E} = {16258E40-5B84-4263-BE1F-43012CFE320D}
		{D3D74B30-499B-4107-9EAC-EBC95D631330} = {16258E40-5B84-4263-BE1F-43012CFE320D}
		{3677A596-A9CA-4C50-AE7A-56E313B10FAF} = {16258E40-5B84-4263-BE1F-43012CFE320D}
	EndGlobalSection
	GlobalSection(ExtensibilityGlobals) = postSolution
		SolutionGuid = {EE211F6D-9308-48E9-A17D-5F0642F11C2E}
	EndGlobalSection
EndGlobal
